
Microsoft Visual Studio Solution File, Format Version 12.00
# Visual Studio Version 16
VisualStudioVersion = 16.0.32413.511
MinimumVisualStudioVersion = 10.0.40219.1
Project("{FAE04EC0-301F-11D3-BF4B-00C04F79EFBC}") = "HttpMessageHandler", "HttpMessageHandler.csproj", "{91677276-220C-4934-B2ED-80A58E808772}"
EndProject
Global
	GlobalSection(SolutionConfigurationPlatforms) = preSolution
		Debug|Any CPU = Debug|Any CPU
		Release|Any CPU = Release|Any CPU
	EndGlobalSection
	GlobalSection(ProjectConfigurationPlatforms) = postSolution
		{91677276-220C-4934-B2ED-80A58E808772}.Debug|Any CPU.ActiveCfg = Debug|Any CPU
		{91677276-220C-4934-B2ED-80A58E808772}.Debug|Any CPU.Build.0 = Debug|Any CPU
		{91677276-220C-4934-B2ED-80A58E808772}.Release|Any CPU.ActiveCfg = Release|Any CPU
		{91677276-220C-4934-B2ED-80A58E808772}.Release|Any CPU.Build.0 = Release|Any CPU
	EndGlobalSection
	GlobalSection(SolutionProperties) = preSolution
		HideSolutionNode = FALSE
	EndGlobalSection
	GlobalSection(ExtensibilityGlobals) = postSolution
		SolutionGuid = {6EAD2FED-B294-4637-9771-949176D41CF9}
	EndGlobalSection
EndGlobal
